
Microsoft Visual Studio Solution File, Format Version 12.00
# Visual Studio Version 17
VisualStudioVersion = 17.13.35825.156 d17.13
MinimumVisualStudioVersion = 10.0.40219.1
Project("{FAE04EC0-301F-11D3-BF4B-00C04F79EFBC}") = "ekaterina-anisimova-kt-42-22-April-25", "ekaterina-anisimova-kt-42-22-April-25\ekaterina-anisimova-kt-42-22-April-25.csproj", "{C5BC774B-3E50-4610-9C9E-7A26E4F4BEB5}"
EndProject
Global
	GlobalSection(SolutionConfigurationPlatforms) = preSolution
		Debug|Any CPU = Debug|Any CPU
		Release|Any CPU = Release|Any CPU
	EndGlobalSection
	GlobalSection(ProjectConfigurationPlatforms) = postSolution
		{C5BC774B-3E50-4610-9C9E-7A26E4F4BEB5}.Debug|Any CPU.ActiveCfg = Debug|Any CPU
		{C5BC774B-3E50-4610-9C9E-7A26E4F4BEB5}.Debug|Any CPU.Build.0 = Debug|Any CPU
		{C5BC774B-3E50-4610-9C9E-7A26E4F4BEB5}.Release|Any CPU.ActiveCfg = Release|Any CPU
		{C5BC774B-3E50-4610-9C9E-7A26E4F4BEB5}.Release|Any CPU.Build.0 = Release|Any CPU
	EndGlobalSection
	GlobalSection(SolutionProperties) = preSolution
		HideSolutionNode = FALSE
	EndGlobalSection
	GlobalSection(ExtensibilityGlobals) = postSolution
		SolutionGuid = {40041105-98FA-4195-B9CF-80D7A9442219}
	EndGlobalSection
EndGlobal
